PODS:
  - Alamofire (5.9.1)
  - AppAuth (1.7.5):
    - AppAuth/Core (= 1.7.5)
    - AppAuth/ExternalUserAgent (= 1.7.5)
  - AppAuth/Core (1.7.5)
  - AppAuth/ExternalUserAgent (1.7.5):
    - AppAuth/Core
  - CHTCollectionViewWaterfallLayout (0.9.10):
    - CHTCollectionViewWaterfallLayout/Swift (= 0.9.10)
  - CHTCollectionViewWaterfallLayout/Swift (0.9.10)
  - FacebookCore (0.9.0):
    - FBSDKCoreKit (~> 5.0)
  - FacebookLogin (0.9.0):
    - FacebookCore (~> 0.9.0)
    - FBSDKCoreKit (~> 5.0)
    - FBSDKLoginKit (~> 5.0)
  - FBSDKCoreKit (5.15.1):
    - FBSDKCoreKit/Basics (= 5.15.1)
    - FBSDKCoreKit/Core (= 5.15.1)
  - FBSDKCoreKit/Basics (5.15.1)
  - FBSDKCoreKit/Core (5.15.1):
    - FBSDKCoreKit/Basics
  - FBSDKLoginKit (5.15.1):
    - FBSDKLoginKit/Login (= 5.15.1)
  - FBSDKLoginKit/Login (5.15.1):
    - FBSDKCoreKit (~> 5.0)
  - GoogleMaps (9.0.0):
    - GoogleMaps/Maps (= 9.0.0)
  - GoogleMaps/Base (9.0.0)
  - GoogleMaps/Maps (9.0.0):
    - GoogleMaps/Base
  - GooglePlaces (9.0.0)
  - GoogleSignIn (7.1.0):
    - AppAuth (< 2.0, >= 1.7.3)
    - GTMAppAuth (< 5.0, >= 4.1.1)
    - GTMSessionFetcher/Core (~> 3.3)
  - GTMAppAuth (4.1.1):
    - AppAuth/Core (~> 1.7)
    - GTMSessionFetcher/Core (< 4.0, >= 3.3)
  - GTMSessionFetcher/Core (3.4.1)
  - IQKeyboardManagerSwift (7.0.3)
  - LGSegmentedControl (1.2.1)
  - SDWebImage (5.19.2):
    - SDWebImage/Core (= 5.19.2)
  - SDWebImage/Core (5.19.2)
  - SideMenu (6.5.0)
  - Stripe (22.8.4):
    - Stripe/Stripe3DS2 (= 22.8.4)
    - StripeApplePay (= 22.8.4)
    - StripeCore (= 22.8.4)
    - StripeUICore (= 22.8.4)
  - Stripe/Stripe3DS2 (22.8.4):
    - StripeApplePay (= 22.8.4)
    - StripeCore (= 22.8.4)
    - StripeUICore (= 22.8.4)
  - StripeApplePay (22.8.4):
    - StripeCore (= 22.8.4)
  - StripeCore (22.8.4)
  - StripeUICore (22.8.4):
    - StripeCore (= 22.8.4)
  - STTabbar (0.1.0)
  - SVProgressHUD (2.3.1):
    - SVProgressHUD/Core (= 2.3.1)
  - SVProgressHUD/Core (2.3.1)
  - SwiftVideoGenerator (1.4.0)
  - SwiftyJSON (5.0.2)
  - SwiftyStoreKit (0.16.1)
  - TPPDF (2.5.0)

DEPENDENCIES:
  - Alamofire
  - CHTCollectionViewWaterfallLayout
  - FacebookLogin
  - FBSDKLoginKit
  - GoogleMaps
  - GooglePlaces
  - GoogleSignIn
  - IQKeyboardManagerSwift
  - LGSegmentedControl
  - SDWebImage
  - SideMenu
  - Stripe (~> 22.8)
  - STTabbar
  - SVProgressHUD
  - SwiftVideoGenerator
  - SwiftyJSON
  - SwiftyStoreKit
  - TPPDF

SPEC REPOS:
  trunk:
    - Alamofire
    - AppAuth
    - CHTCollectionViewWaterfallLayout
    - FacebookCore
    - FacebookLogin
    - FBSDKCoreKit
    - FBSDKLoginKit
    - GoogleMaps
    - GooglePlaces
    - GoogleSignIn
    - GTMAppAuth
    - GTMSessionFetcher
    - IQKeyboardManagerSwift
    - LGSegmentedControl
    - SDWebImage
    - SideMenu
    - Stripe
    - StripeApplePay
    - StripeCore
    - StripeUICore
    - STTabbar
    - SVProgressHUD
    - SwiftVideoGenerator
    - SwiftyJSON
    - SwiftyStoreKit
    - TPPDF

SPEC CHECKSUMS:
  Alamofire: f36a35757af4587d8e4f4bfa223ad10be2422b8c
  AppAuth: 501c04eda8a8d11f179dbe8637b7a91bb7e5d2fa
  CHTCollectionViewWaterfallLayout: b989a459788d7657ac010e03bc0f7eedca95a420
  FacebookCore: ba86524b66cfa86d0f8e65d08faa8504a9f732dd
  FacebookLogin: 6cee9fd6e1fe976fe8f7eec199e27b28b14f5d63
  FBSDKCoreKit: 1d5acf7c9d7a2f92bb1a242dc60cae5b7adb91df
  FBSDKLoginKit: f1ea8026a58b52d30c9f2e6a58ca7d813619fb83
  GoogleMaps: 4907d0d42bf8cd58f56743e31f91d23c10682745
  GooglePlaces: cf1f5b61297da7ac64bcb147cfa7b435d74ed6d9
  GoogleSignIn: d4281ab6cf21542b1cfaff85c191f230b399d2db
  GTMAppAuth: f69bd07d68cd3b766125f7e072c45d7340dea0de
  GTMSessionFetcher: 8000756fc1c19d2e5697b90311f7832d2e33f6cd
  IQKeyboardManagerSwift: f9c5dc36cba16ddd2e51fa7d51c34a2e083029b5
  LGSegmentedControl: 80b6c522b0f0d98d3abfe15077cccf55a7641fe5
  SDWebImage: dfe95b2466a9823cf9f0c6d01217c06550d7b29a
  SideMenu: f583187d21c5b1dd04c72002be544b555a2627a2
  Stripe: 59f6659e8ea413def19c97c57e23f5ec6ea48cf8
  StripeApplePay: 6e9aebd3d248464836e9fbdaef6e5fb1817d56a6
  StripeCore: 193f27552fb98108ebfe0df11651fe5f38948305
  StripeUICore: 6a5bbea0164d63bd91000f001903e7901859e1a4
  STTabbar: fe93da755010233b348b2d0147c43bb1bef290fa
  SVProgressHUD: 4837c74bdfe2e51e8821c397825996a8d7de6e22
  SwiftVideoGenerator: 804637c18f68a4f205d806e305ebceb4adcf3d25
  SwiftyJSON: f5b1bf1cd8dd53cd25887ac0eabcfd92301c6a5a
  SwiftyStoreKit: 6b9c08810269f030586dac1fae8e75871a82e84a
  TPPDF: cf880c3190d8165f7962ee5b7fc10a86a298c571

PODFILE CHECKSUM: abb57e7b8c273306e823e1d6ea69733c506ab4b2

COCOAPODS: 1.13.0
